
Microsoft Visual Studio Solution File, Format Version 12.00
# Visual Studio Version 17
VisualStudioVersion = 17.5.33530.505
MinimumVisualStudioVersion = 10.0.40219.1
Project("{FAE04EC0-301F-11D3-BF4B-00C04F79EFBC}") = "BlogProject.Server", "BlogProject\Server\BlogProject.Server.csproj", "{C07FFD06-955C-4FE2-9EE7-FB14DD3626FA}"
EndProject
Project("{FAE04EC0-301F-11D3-BF4B-00C04F79EFBC}") = "BlogProject.Client", "BlogProject\Client\BlogProject.Client.csproj", "{F5120F7E-D8BD-4712-8CEF-57FAD90C25D0}"
EndProject
Project("{FAE04EC0-301F-11D3-BF4B-00C04F79EFBC}") = "BlogProject.Shared", "BlogProject\Shared\BlogProject.Shared.csproj", "{13479A88-CDBF-4BD7-BB0D-4A5A8DAA8C7D}"
EndProject
Global
	GlobalSection(SolutionConfigurationPlatforms) = preSolution
		Debug|Any CPU = Debug|Any CPU
		Release|Any CPU = Release|Any CPU
	EndGlobalSection
	GlobalSection(ProjectConfigurationPlatforms) = postSolution
		{C07FFD06-955C-4FE2-9EE7-FB14DD3626FA}.Debug|Any CPU.ActiveCfg = Debug|Any CPU
		{C07FFD06-955C-4FE2-9EE7-FB14DD3626FA}.Debug|Any CPU.Build.0 = Debug|Any CPU
		{C07FFD06-955C-4FE2-9EE7-FB14DD3626FA}.Release|Any CPU.ActiveCfg = Release|Any CPU
		{C07FFD06-955C-4FE2-9EE7-FB14DD3626FA}.Release|Any CPU.Build.0 = Release|Any CPU
		{F5120F7E-D8BD-4712-8CEF-57FAD90C25D0}.Debug|Any CPU.ActiveCfg = Debug|Any CPU
		{F5120F7E-D8BD-4712-8CEF-57FAD90C25D0}.Debug|Any CPU.Build.0 = Debug|Any CPU
		{F5120F7E-D8BD-4712-8CEF-57FAD90C25D0}.Release|Any CPU.ActiveCfg = Release|Any CPU
		{F5120F7E-D8BD-4712-8CEF-57FAD90C25D0}.Release|Any CPU.Build.0 = Release|Any CPU
		{13479A88-CDBF-4BD7-BB0D-4A5A8DAA8C7D}.Debug|Any CPU.ActiveCfg = Debug|Any CPU
		{13479A88-CDBF-4BD7-BB0D-4A5A8DAA8C7D}.Debug|Any CPU.Build.0 = Debug|Any CPU
		{13479A88-CDBF-4BD7-BB0D-4A5A8DAA8C7D}.Release|Any CPU.ActiveCfg = Release|Any CPU
		{13479A88-CDBF-4BD7-BB0D-4A5A8DAA8C7D}.Release|Any CPU.Build.0 = Release|Any CPU
	EndGlobalSection
	GlobalSection(SolutionProperties) = preSolution
		HideSolutionNode = FALSE
	EndGlobalSection
	GlobalSection(ExtensibilityGlobals) = postSolution
		SolutionGuid = {E3E48260-8C0A-4C43-B15E-3D0B573CE348}
	EndGlobalSection
EndGlobal
